// !$*UTF8*$!
{
	archiveVersion = 1;
	classes = {
	};
	objectVersion = 50;
	objects = {

/* Begin PBXBuildFile section */
		044BD76026E8E61C0004E92E /* AppDelegate.swift in Sources */ = {isa = PBXBuildFile; fileRef = 044BD75F26E8E61C0004E92E /* AppDelegate.swift */; };
		044BD76426E8E61D0004E92E /* Assets.xcassets in Resources */ = {isa = PBXBuildFile; fileRef = 044BD76326E8E61D0004E92E /* Assets.xcassets */; };
		044BD76726E8E61D0004E92E /* Main.storyboard in Resources */ = {isa = PBXBuildFile; fileRef = 044BD76526E8E61D0004E92E /* Main.storyboard */; };
		044BD7AF26E91DF70004E92E /* AnimatedDesktop.swift in Sources */ = {isa = PBXBuildFile; fileRef = 044BD7AE26E91DF70004E92E /* AnimatedDesktop.swift */; };
		044BD7BC26E9232B0004E92E /* Utils.swift in Sources */ = {isa = PBXBuildFile; fileRef = 044BD7BB26E9232B0004E92E /* Utils.swift */; };
		0455E5AC26EBBC51002DB73B /* DesktopWindow.swift in Sources */ = {isa = PBXBuildFile; fileRef = 0455E5AB26EBBC51002DB73B /* DesktopWindow.swift */; };
		9AC5C0BEBC641EC554EA51E6 /* Pods_AnimationDesktop.framework in Frameworks */ = {isa = PBXBuildFile; fileRef = 89CDA7D0398803E63F80A318 /* Pods_AnimationDesktop.framework */; };
/* End PBXBuildFile section */

/* Begin PBXFileReference section */
		044BD75C26E8E61C0004E92E /* AnimationDesktop.app */ = {isa = PBXFileReference; explicitFileType = wrapper.application; includeInIndex = 0; path = AnimationDesktop.app; sourceTree = BUILT_PRODUCTS_DIR; };
		044BD75F26E8E61C0004E92E /* AppDelegate.swift */ = {isa = PBXFileReference; lastKnownFileType = sourcecode.swift; path = AppDelegate.swift; sourceTree = "<group>"; };
		044BD76326E8E61D0004E92E /* Assets.xcassets */ = {isa = PBXFileReference; lastKnownFileType = folder.assetcatalog; path = Assets.xcassets; sourceTree = "<group>"; };
		044BD76626E8E61D0004E92E /* Base */ = {isa = PBXFileReference; lastKnownFileType = file.storyboard; name = Base; path = Base.lproj/Main.storyboard; sourceTree = "<group>"; };
		044BD76826E8E61D0004E92E /* Info.plist */ = {isa = PBXFileReference; lastKnownFileType = text.plist.xml; path = Info.plist; sourceTree = "<group>"; };
		044BD76926E8E61D0004E92E /* AnimationDesktop.entitlements */ = {isa = PBXFileReference; lastKnownFileType = text.plist.entitlements; path = AnimationDesktop.entitlements; sourceTree = "<group>"; };
		044BD7AE26E91DF70004E92E /* AnimatedDesktop.swift */ = {isa = PBXFileReference; fileEncoding = 4; lastKnownFileType = sourcecode.swift; path = AnimatedDesktop.swift; sourceTree = "<group>"; };
		044BD7BB26E9232B0004E92E /* Utils.swift */ = {isa = PBXFileReference; lastKnownFileType = sourcecode.swift; path = Utils.swift; sourceTree = "<group>"; };
		0455E5AB26EBBC51002DB73B /* DesktopWindow.swift */ = {isa = PBXFileReference; lastKnownFileType = sourcecode.swift; path = DesktopWindow.swift; sourceTree = "<group>"; };
		89CDA7D0398803E63F80A318 /* Pods_AnimationDesktop.framework */ = {isa = PBXFileReference; explicitFileType = wrapper.framework; includeInIndex = 0; path = Pods_AnimationDesktop.framework; sourceTree = BUILT_PRODUCTS_DIR; };
		A8341C43CA7F45ACA079F374 /* Pods-AnimationDesktop.debug.xcconfig */ = {isa = PBXFileReference; includeInIndex = 1; lastKnownFileType = text.xcconfig; name = "Pods-AnimationDesktop.debug.xcconfig"; path = "Target Support Files/Pods-AnimationDesktop/Pods-AnimationDesktop.debug.xcconfig"; sourceTree = "<group>"; };
		FCBDB257E67F769504C70963 /* Pods-AnimationDesktop.release.xcconfig */ = {isa = PBXFileReference; includeInIndex = 1; lastKnownFileType = text.xcconfig; name = "Pods-AnimationDesktop.release.xcconfig"; path = "Target Support Files/Pods-AnimationDesktop/Pods-AnimationDesktop.release.xcconfig"; sourceTree = "<group>"; };
/* End PBXFileReference section */

/* Begin PBXFrameworksBuildPhase section */
		044BD75926E8E61C0004E92E /* Frameworks */ = {
			isa = PBXFrameworksBuildPhase;
			buildActionMask = 2147483647;
			files = (
				9AC5C0BEBC641EC554EA51E6 /* Pods_AnimationDesktop.framework in Frameworks */,
			);
			runOnlyForDeploymentPostprocessing = 0;
		};
/* End PBXFrameworksBuildPhase section */

/* Begin PBXGroup section */
		044BD75326E8E61C0004E92E = {
			isa = PBXGroup;
			children = (
				044BD75E26E8E61C0004E92E /* AnimationDesktop */,
				044BD75D26E8E61C0004E92E /* Products */,
				E4DFD1B4AD4EBAFDEEA70AD1 /* Pods */,
				17E4A471BA455F58D061E035 /* Frameworks */,
			);
			sourceTree = "<group>";
		};
		044BD75D26E8E61C0004E92E /* Products */ = {
			isa = PBXGroup;
			children = (
				044BD75C26E8E61C0004E92E /* AnimationDesktop.app */,
			);
			name = Products;
			sourceTree = "<group>";
		};
		044BD75E26E8E61C0004E92E /* AnimationDesktop */ = {
			isa = PBXGroup;
			children = (
				044BD77826E8F33D0004E92E /* Core */,
				044BD75F26E8E61C0004E92E /* AppDelegate.swift */,
				044BD76326E8E61D0004E92E /* Assets.xcassets */,
				044BD76526E8E61D0004E92E /* Main.storyboard */,
				044BD76826E8E61D0004E92E /* Info.plist */,
				044BD76926E8E61D0004E92E /* AnimationDesktop.entitlements */,
			);
			path = AnimationDesktop;
			sourceTree = "<group>";
		};
		044BD77826E8F33D0004E92E /* Core */ = {
			isa = PBXGroup;
			children = (
				044BD7AE26E91DF70004E92E /* AnimatedDesktop.swift */,
				044BD7BB26E9232B0004E92E /* Utils.swift */,
				0455E5AB26EBBC51002DB73B /* DesktopWindow.swift */,
			);
			path = Core;
			sourceTree = "<group>";
		};
		17E4A471BA455F58D061E035 /* Frameworks */ = {
			isa = PBXGroup;
			children = (
				89CDA7D0398803E63F80A318 /* Pods_AnimationDesktop.framework */,
			);
			name = Frameworks;
			sourceTree = "<group>";
		};
		E4DFD1B4AD4EBAFDEEA70AD1 /* Pods */ = {
			isa = PBXGroup;
			children = (
				A8341C43CA7F45ACA079F374 /* Pods-AnimationDesktop.debug.xcconfig */,
				FCBDB257E67F769504C70963 /* Pods-AnimationDesktop.release.xcconfig */,
			);
			name = Pods;
			path = Pods;
			sourceTree = "<group>";
		};
/* End PBXGroup section */

/* Begin PBXNativeTarget section */
		044BD75B26E8E61C0004E92E /* AnimationDesktop */ = {
			isa = PBXNativeTarget;
			buildConfigurationList = 044BD76C26E8E61D0004E92E /* Build configuration list for PBXNativeTarget "AnimationDesktop" */;
			buildPhases = (
				AF8178B51FCE74318F31135D /* [CP] Check Pods Manifest.lock */,
				044BD75826E8E61C0004E92E /* Sources */,
				044BD75926E8E61C0004E92E /* Frameworks */,
				044BD75A26E8E61C0004E92E /* Resources */,
			);
			buildRules = (
			);
			dependencies = (
			);
			name = AnimationDesktop;
			productName = AnimationDesktop;
			productReference = 044BD75C26E8E61C0004E92E /* AnimationDesktop.app */;
			productType = "com.apple.product-type.application";
		};
/* End PBXNativeTarget section */

/* Begin PBXProject section */
		044BD75426E8E61C0004E92E /* Project object */ = {
			isa = PBXProject;
			attributes = {
				LastSwiftUpdateCheck = 1240;
				LastUpgradeCheck = 1240;
				TargetAttributes = {
					044BD75B26E8E61C0004E92E = {
						CreatedOnToolsVersion = 12.4;
						LastSwiftMigration = 1240;
					};
				};
			};
			buildConfigurationList = 044BD75726E8E61C0004E92E /* Build configuration list for PBXProject "AnimationDesktop" */;
			compatibilityVersion = "Xcode 9.3";
			developmentRegion = en;
			hasScannedForEncodings = 0;
			knownRegions = (
				en,
				Base,
			);
			mainGroup = 044BD75326E8E61C0004E92E;
			productRefGroup = 044BD75D26E8E61C0004E92E /* Products */;
			projectDirPath = "";
			projectRoot = "";
			targets = (
				044BD75B26E8E61C0004E92E /* AnimationDesktop */,
			);
		};
/* End PBXProject section */

/* Begin PBXResourcesBuildPhase section */
		044BD75A26E8E61C0004E92E /* Resources */ = {
			isa = PBXResourcesBuildPhase;
			buildActionMask = 2147483647;
			files = (
				044BD76426E8E61D0004E92E /* Assets.xcassets in Resources */,
				044BD76726E8E61D0004E92E /* Main.storyboard in Resources */,
			);
			runOnlyForDeploymentPostprocessing = 0;
		};
/* End PBXResourcesBuildPhase section */

/* Begin PBXShellScriptBuildPhase section */
		AF8178B51FCE74318F31135D /* [CP] Check Pods Manifest.lock */ = {
			isa = PBXShellScriptBuildPhase;
			buildActionMask = 2147483647;
			files = (
			);
			inputFileListPaths = (
			);
			inputPaths = (
				"${PODS_PODFILE_DIR_PATH}/Podfile.lock",
				"${PODS_ROOT}/Manifest.lock",
			);
			name = "[CP] Check Pods Manifest.lock";
			outputFileListPaths = (
			);
			outputPaths = (
				"$(DERIVED_FILE_DIR)/Pods-AnimationDesktop-checkManifestLockResult.txt",
			);
			runOnlyForDeploymentPostprocessing = 0;
			shellPath = /bin/sh;
			shellScript = "diff \"${PODS_PODFILE_DIR_PATH}/Podfile.lock\" \"${PODS_ROOT}/Manifest.lock\" > /dev/null\nif [ $? != 0 ] ; then\n    # print error to STDERR\n    echo \"error: The sandbox is not in sync with the Podfile.lock. Run 'pod install' or update your CocoaPods installation.\" >&2\n    exit 1\nfi\n# This output is used by Xcode 'outputs' to avoid re-running this script phase.\necho \"SUCCESS\" > \"${SCRIPT_OUTPUT_FILE_0}\"\n";
			showEnvVarsInLog = 0;
		};
/* End PBXShellScriptBuildPhase section */

/* Begin PBXSourcesBuildPhase section */
		044BD75826E8E61C0004E92E /* Sources */ = {
			isa = PBXSourcesBuildPhase;
			buildActionMask = 2147483647;
			files = (
				0455E5AC26EBBC51002DB73B /* DesktopWindow.swift in Sources */,
				044BD7AF26E91DF70004E92E /* AnimatedDesktop.swift in Sources */,
				044BD76026E8E61C0004E92E /* AppDelegate.swift in Sources */,
				044BD7BC26E9232B0004E92E /* Utils.swift in Sources */,
			);
			runOnlyForDeploymentPostprocessing = 0;
		};
/* End PBXSourcesBuildPhase section */

/* Begin PBXVariantGroup section */
		044BD76526E8E61D0004E92E /* Main.storyboard */ = {
			isa = PBXVariantGroup;
			children = (
				044BD76626E8E61D0004E92E /* Base */,
			);
			name = Main.storyboard;
			sourceTree = "<group>";
		};
/* End PBXVariantGroup section */

/* Begin XCBuildConfiguration section */
		044BD76A26E8E61D0004E92E /* Debug */ = {
			isa = XCBuildConfiguration;
			buildSettings = {
				ALWAYS_SEARCH_USER_PATHS = NO;
				CLANG_ANALYZER_NONNULL = YES;
				CLANG_ANALYZER_NUMBER_OBJECT_CONVERSION = YES_AGGRESSIVE;
				CLANG_CXX_LANGUAGE_STANDARD = "gnu++14";
				CLANG_CXX_LIBRARY = "libc++";
				CLANG_ENABLE_MODULES = YES;
				CLANG_ENABLE_OBJC_ARC = YES;
				CLANG_ENABLE_OBJC_WEAK = YES;
				CLANG_WARN_BLOCK_CAPTURE_AUTORELEASING = YES;
				CLANG_WARN_BOOL_CONVERSION = YES;
				CLANG_WARN_COMMA = YES;
				CLANG_WARN_CONSTANT_CONVERSION = YES;
				CLANG_WARN_DEPRECATED_OBJC_IMPLEMENTATIONS = YES;
				CLANG_WARN_DIRECT_OBJC_ISA_USAGE = YES_ERROR;
				CLANG_WARN_DOCUMENTATION_COMMENTS = YES;
				CLANG_WARN_EMPTY_BODY = YES;
				CLANG_WARN_ENUM_CONVERSION = YES;
				CLANG_WARN_INFINITE_RECURSION = YES;
				CLANG_WARN_INT_CONVERSION = YES;
				CLANG_WARN_NON_LITERAL_NULL_CONVERSION = YES;
				CLANG_WARN_OBJC_IMPLICIT_RETAIN_SELF = YES;
				CLANG_WARN_OBJC_LITERAL_CONVERSION = YES;
				CLANG_WARN_OBJC_ROOT_CLASS = YES_ERROR;
				CLANG_WARN_QUOTED_INCLUDE_IN_FRAMEWORK_HEADER = YES;
				CLANG_WARN_RANGE_LOOP_ANALYSIS = YES;
				CLANG_WARN_STRICT_PROTOTYPES = YES;
				CLANG_WARN_SUSPICIOUS_MOVE = YES;
				CLANG_WARN_UNGUARDED_AVAILABILITY = YES_AGGRESSIVE;
				CLANG_WARN_UNREACHABLE_CODE = YES;
				CLANG_WARN__DUPLICATE_METHOD_MATCH = YES;
				COPY_PHASE_STRIP = NO;
				DEBUG_INFORMATION_FORMAT = dwarf;
				ENABLE_STRICT_OBJC_MSGSEND = YES;
				ENABLE_TESTABILITY = YES;
				GCC_C_LANGUAGE_STANDARD = gnu11;
				GCC_DYNAMIC_NO_PIC = NO;
				GCC_NO_COMMON_BLOCKS = YES;
				GCC_OPTIMIZATION_LEVEL = 0;
				GCC_PREPROCESSOR_DEFINITIONS = (
					"DEBUG=1",
					"$(inherited)",
				);
				GCC_WARN_64_TO_32_BIT_CONVERSION = YES;
				GCC_WARN_ABOUT_RETURN_TYPE = YES_ERROR;
				GCC_WARN_UNDECLARED_SELECTOR = YES;
				GCC_WARN_UNINITIALIZED_AUTOS = YES_AGGRESSIVE;
				GCC_WARN_UNUSED_FUNCTION = YES;
				GCC_WARN_UNUSED_VARIABLE = YES;
				MACOSX_DEPLOYMENT_TARGET = 10.15;
				MTL_ENABLE_DEBUG_INFO = INCLUDE_SOURCE;
				MTL_FAST_MATH = YES;
				ONLY_ACTIVE_ARCH = YES;
				SDKROOT = macosx;
				SWIFT_ACTIVE_COMPILATION_CONDITIONS = DEBUG;
				SWIFT_OPTIMIZATION_LEVEL = "-Onone";
			};
			name = Debug;
		};
		044BD76B26E8E61D0004E92E /* Release */ = {
			isa = XCBuildConfiguration;
			buildSettings = {
				ALWAYS_SEARCH_USER_PATHS = NO;
				CLANG_ANALYZER_NONNULL = YES;
				CLANG_ANALYZER_NUMBER_OBJECT_CONVERSION = YES_AGGRESSIVE;
				CLANG_CXX_LANGUAGE_STANDARD = "gnu++14";
				CLANG_CXX_LIBRARY = "libc++";
				CLANG_ENABLE_MODULES = YES;
				CLANG_ENABLE_OBJC_ARC = YES;
				CLANG_ENABLE_OBJC_WEAK = YES;
				CLANG_WARN_BLOCK_CAPTURE_AUTORELEASING = YES;
				CLANG_WARN_BOOL_CONVERSION = YES;
				CLANG_WARN_COMMA = YES;
				CLANG_WARN_CONSTANT_CONVERSION = YES;
				CLANG_WARN_DEPRECATED_OBJC_IMPLEMENTATIONS = YES;
				CLANG_WARN_DIRECT_OBJC_ISA_USAGE = YES_ERROR;
				CLANG_WARN_DOCUMENTATION_COMMENTS = YES;
				CLANG_WARN_EMPTY_BODY = YES;
				CLANG_WARN_ENUM_CONVERSION = YES;
				CLANG_WARN_INFINITE_RECURSION = YES;
				CLANG_WARN_INT_CONVERSION = YES;
				CLANG_WARN_NON_LITERAL_NULL_CONVERSION = YES;
				CLANG_WARN_OBJC_IMPLICIT_RETAIN_SELF = YES;
				CLANG_WARN_OBJC_LITERAL_CONVERSION = YES;
				CLANG_WARN_OBJC_ROOT_CLASS = YES_ERROR;
				CLANG_WARN_QUOTED_INCLUDE_IN_FRAMEWORK_HEADER = YES;
				CLANG_WARN_RANGE_LOOP_ANALYSIS = YES;
				CLANG_WARN_STRICT_PROTOTYPES = YES;
				CLANG_WARN_SUSPICIOUS_MOVE = YES;
				CLANG_WARN_UNGUARDED_AVAILABILITY = YES_AGGRESSIVE;
				CLANG_WARN_UNREACHABLE_CODE = YES;
				CLANG_WARN__DUPLICATE_METHOD_MATCH = YES;
				COPY_PHASE_STRIP = NO;
				DEBUG_INFORMATION_FORMAT = "dwarf-with-dsym";
				ENABLE_NS_ASSERTIONS = NO;
				ENABLE_STRICT_OBJC_MSGSEND = YES;
				GCC_C_LANGUAGE_STANDARD = gnu11;
				GCC_NO_COMMON_BLOCKS = YES;
				GCC_WARN_64_TO_32_BIT_CONVERSION = YES;
				GCC_WARN_ABOUT_RETURN_TYPE = YES_ERROR;
				GCC_WARN_UNDECLARED_SELECTOR = YES;
				GCC_WARN_UNINITIALIZED_AUTOS = YES_AGGRESSIVE;
				GCC_WARN_UNUSED_FUNCTION = YES;
				GCC_WARN_UNUSED_VARIABLE = YES;
				MACOSX_DEPLOYMENT_TARGET = 10.15;
				MTL_ENABLE_DEBUG_INFO = NO;
				MTL_FAST_MATH = YES;
				SDKROOT = macosx;
				SWIFT_COMPILATION_MODE = wholemodule;
				SWIFT_OPTIMIZATION_LEVEL = "-O";
			};
			name = Release;
		};
		044BD76D26E8E61D0004E92E /* Debug */ = {
			isa = XCBuildConfiguration;
			baseConfigurationReference = A8341C43CA7F45ACA079F374 /* Pods-AnimationDesktop.debug.xcconfig */;
			buildSettings = {
				ASSETCATALOG_COMPILER_APPICON_NAME = AppIcon;
				ASSETCATALOG_COMPILER_GLOBAL_ACCENT_COLOR_NAME = AccentColor;
				CLANG_ENABLE_MODULES = YES;
				CODE_SIGN_ENTITLEMENTS = AnimationDesktop/AnimationDesktop.entitlements;
				CODE_SIGN_STYLE = Automatic;
				COMBINE_HIDPI_IMAGES = YES;
				INFOPLIST_FILE = AnimationDesktop/Info.plist;
				LD_RUNPATH_SEARCH_PATHS = (
					"$(inherited)",
					"@executable_path/../Frameworks",
				);
				PRODUCT_BUNDLE_IDENTIFIER = "net.wu-chinese.AnimationDesktop";
				PRODUCT_NAME = "$(TARGET_NAME)";
				SWIFT_OBJC_BRIDGING_HEADER = "";
				SWIFT_OPTIMIZATION_LEVEL = "-Onone";
				SWIFT_VERSION = 5.0;
			};
			name = Debug;
		};
		044BD76E26E8E61D0004E92E /* Release */ = {
			isa = XCBuildConfiguration;
			baseConfigurationReference = FCBDB257E67F769504C70963 /* Pods-AnimationDesktop.release.xcconfig */;
			buildSettings = {
				ASSETCATALOG_COMPILER_APPICON_NAME = AppIcon;
				ASSETCATALOG_COMPILER_GLOBAL_ACCENT_COLOR_NAME = AccentColor;
				CLANG_ENABLE_MODULES = YES;
				CODE_SIGN_ENTITLEMENTS = AnimationDesktop/AnimationDesktop.entitlements;
				CODE_SIGN_STYLE = Automatic;
				COMBINE_HIDPI_IMAGES = YES;
				INFOPLIST_FILE = AnimationDesktop/Info.plist;
				LD_RUNPATH_SEARCH_PATHS = (
					"$(inherited)",
					"@executable_path/../Frameworks",
				);
				PRODUCT_BUNDLE_IDENTIFIER = "net.wu-chinese.AnimationDesktop";
				PRODUCT_NAME = "$(TARGET_NAME)";
				SWIFT_OBJC_BRIDGING_HEADER = "";
				SWIFT_VERSION = 5.0;
			};
			name = Release;
		};
/* End XCBuildConfiguration section */

/* Begin XCConfigurationList section */
		044BD75726E8E61C0004E92E /* Build configuration list for PBXProject "AnimationDesktop" */ = {
			isa = XCConfigurationList;
			buildConfigurations = (
				044BD76A26E8E61D0004E92E /* Debug */,
				044BD76B26E8E61D0004E92E /* Release */,
			);
			defaultConfigurationIsVisible = 0;
			defaultConfigurationName = Release;
		};
		044BD76C26E8E61D0004E92E /* Build configuration list for PBXNativeTarget "AnimationDesktop" */ = {
			isa = XCConfigurationList;
			buildConfigurations = (
				044BD76D26E8E61D0004E92E /* Debug */,
				044BD76E26E8E61D0004E92E /* Release */,
			);
			defaultConfigurationIsVisible = 0;
			defaultConfigurationName = Release;
		};
/* End XCConfigurationList section */
	};
	rootObject = 044BD75426E8E61C0004E92E /* Project object */;
}
